
Microsoft Visual Studio Solution File, Format Version 12.00
# Visual Studio Version 17
VisualStudioVersion = 17.8.34309.116
MinimumVisualStudioVersion = 10.0.40219.1
Project("{8BC9CEB8-8B4A-11D0-8D11-00A0C91BC942}") = "sortcars", "sortcars\sortcars.vcxproj", "{ED5A9975-BE8C-4614-9AC4-EC60D57C10B8}"
EndProject
Global
	GlobalSection(SolutionConfigurationPlatforms) = preSolution
		Debug|x64 = Debug|x64
		Release|x64 = Release|x64
	EndGlobalSection
	GlobalSection(ProjectConfigurationPlatforms) = postSolution
		{ED5A9975-BE8C-4614-9AC4-EC60D57C10B8}.Debug|x64.ActiveCfg = Debug|x64
		{ED5A9975-BE8C-4614-9AC4-EC60D57C10B8}.Debug|x64.Build.0 = Debug|x64
		{ED5A9975-BE8C-4614-9AC4-EC60D57C10B8}.Release|x64.ActiveCfg = Release|x64
	EndGlobalSection
	GlobalSection(SolutionProperties) = preSolution
		HideSolutionNode = FALSE
	EndGlobalSection
	GlobalSection(ExtensibilityGlobals) = postSolution
		SolutionGuid = {86AD7070-F9FB-43C3-B0CD-A7E2A9759AE7}
	EndGlobalSection
EndGlobal
